
Microsoft Visual Studio Solution File, Format Version 12.00
# Visual Studio Version 16
VisualStudioVersion = 16.0.29424.173
MinimumVisualStudioVersion = 10.0.40219.1
Project("{FAE04EC0-301F-11D3-BF4B-00C04F79EFBC}") = "RevisionWebsite", "RevisionWebsite.csproj", "{644E6056-F2AC-41C0-9447-F1620525FC68}"
EndProject
Global
	GlobalSection(SolutionConfigurationPlatforms) = preSolution
		Debug|Any CPU = Debug|Any CPU
		Release|Any CPU = Release|Any CPU
	EndGlobalSection
	GlobalSection(ProjectConfigurationPlatforms) = postSolution
		{644E6056-F2AC-41C0-9447-F1620525FC68}.Debug|Any CPU.ActiveCfg = Debug|Any CPU
		{644E6056-F2AC-41C0-9447-F1620525FC68}.Debug|Any CPU.Build.0 = Debug|Any CPU
		{644E6056-F2AC-41C0-9447-F1620525FC68}.Release|Any CPU.ActiveCfg = Release|Any CPU
		{644E6056-F2AC-41C0-9447-F1620525FC68}.Release|Any CPU.Build.0 = Release|Any CPU
	EndGlobalSection
	GlobalSection(SolutionProperties) = preSolution
		HideSolutionNode = FALSE
	EndGlobalSection
	GlobalSection(ExtensibilityGlobals) = postSolution
		SolutionGuid = {09D4D568-D52A-4401-A1A2-77817FC24BDB}
	EndGlobalSection
EndGlobal
